
Microsoft Visual Studio Solution File, Format Version 12.00
# Visual Studio 2012
Project("{FAE04EC0-301F-11D3-BF4B-00C04F79EFBC}") = "HelloWorldOneContent", "HelloWorldOne\HelloWorldOneContent\HelloWorldOneContent.contentproj", "{849B2227-0422-4E8E-A9CD-5607EAE607E3}"
EndProject
Project("{FAE04EC0-301F-11D3-BF4B-00C04F79EFBC}") = "HW1", "HW1\HW1.csproj", "{1B1CBD12-85E3-4164-99E2-25A5D7363788}"
EndProject
Project("{FAE04EC0-301F-11D3-BF4B-00C04F79EFBC}") = "WPHelloWorld", "WPHelloWorld\WPHelloWorld\WPHelloWorld.csproj", "{CA3825EF-AD93-4BEE-BAE4-BC80D67873D3}"
EndProject
Project("{96E2B04D-8817-42C6-938A-82C39BA4D311}") = "WPHelloWorldContent", "WPHelloWorld\WPHelloWorldContent\WPHelloWorldContent.contentproj", "{50C90352-597B-48AB-A5F4-A82E845753FE}"
EndProject
Global
	GlobalSection(SolutionConfigurationPlatforms) = preSolution
		Android|Any CPU = Android|Any CPU
		Android|ARM = Android|ARM
		Android|Mixed Platforms = Android|Mixed Platforms
		Android|Windows Phone = Android|Windows Phone
		Android|x64 = Android|x64
		Android|x86 = Android|x86
		Debug|Any CPU = Debug|Any CPU
		Debug|ARM = Debug|ARM
		Debug|Mixed Platforms = Debug|Mixed Platforms
		Debug|Windows Phone = Debug|Windows Phone
		Debug|x64 = Debug|x64
		Debug|x86 = Debug|x86
		iOS|Any CPU = iOS|Any CPU
		iOS|ARM = iOS|ARM
		iOS|Mixed Platforms = iOS|Mixed Platforms
		iOS|Windows Phone = iOS|Windows Phone
		iOS|x64 = iOS|x64
		iOS|x86 = iOS|x86
		Linux|Any CPU = Linux|Any CPU
		Linux|ARM = Linux|ARM
		Linux|Mixed Platforms = Linux|Mixed Platforms
		Linux|Windows Phone = Linux|Windows Phone
		Linux|x64 = Linux|x64
		Linux|x86 = Linux|x86
		OSX|Any CPU = OSX|Any CPU
		OSX|ARM = OSX|ARM
		OSX|Mixed Platforms = OSX|Mixed Platforms
		OSX|Windows Phone = OSX|Windows Phone
		OSX|x64 = OSX|x64
		OSX|x86 = OSX|x86
		PSM|Any CPU = PSM|Any CPU
		PSM|ARM = PSM|ARM
		PSM|Mixed Platforms = PSM|Mixed Platforms
		PSM|Windows Phone = PSM|Windows Phone
		PSM|x64 = PSM|x64
		PSM|x86 = PSM|x86
		Release|Any CPU = Release|Any CPU
		Release|ARM = Release|ARM
		Release|Mixed Platforms = Release|Mixed Platforms
		Release|Windows Phone = Release|Windows Phone
		Release|x64 = Release|x64
		Release|x86 = Release|x86
		Windows|Any CPU = Windows|Any CPU
		Windows|ARM = Windows|ARM
		Windows|Mixed Platforms = Windows|Mixed Platforms
		Windows|Windows Phone = Windows|Windows Phone
		Windows|x64 = Windows|x64
		Windows|x86 = Windows|x86
		Windows8|Any CPU = Windows8|Any CPU
		Windows8|ARM = Windows8|ARM
		Windows8|Mixed Platforms = Windows8|Mixed Platforms
		Windows8|Windows Phone = Windows8|Windows Phone
		Windows8|x64 = Windows8|x64
		Windows8|x86 = Windows8|x86
	EndGlobalSection
	GlobalSection(ProjectConfigurationPlatforms) = postSolution
		{849B2227-0422-4E8E-A9CD-5607EAE607E3}.Android|Any CPU.ActiveCfg = Android|Any CPU
		{849B2227-0422-4E8E-A9CD-5607EAE607E3}.Android|ARM.ActiveCfg = Android|Any CPU
		{849B2227-0422-4E8E-A9CD-5607EAE607E3}.Android|Mixed Platforms.ActiveCfg = Android|Any CPU
		{849B2227-0422-4E8E-A9CD-5607EAE607E3}.Android|Windows Phone.ActiveCfg = Android|Any CPU
		{849B2227-0422-4E8E-A9CD-5607EAE607E3}.Android|x64.ActiveCfg = Android|Any CPU
		{849B2227-0422-4E8E-A9CD-5607EAE607E3}.Android|x86.ActiveCfg = Android|Any CPU
		{849B2227-0422-4E8E-A9CD-5607EAE607E3}.Debug|Any CPU.ActiveCfg = Windows8|Any CPU
		{849B2227-0422-4E8E-A9CD-5607EAE607E3}.Debug|ARM.ActiveCfg = Windows8|Any CPU
		{849B2227-0422-4E8E-A9CD-5607EAE607E3}.Debug|Mixed Platforms.ActiveCfg = Windows8|Any CPU
		{849B2227-0422-4E8E-A9CD-5607EAE607E3}.Debug|Windows Phone.ActiveCfg = Windows8|Any CPU
		{849B2227-0422-4E8E-A9CD-5607EAE607E3}.Debug|x64.ActiveCfg = Windows8|Any CPU
		{849B2227-0422-4E8E-A9CD-5607EAE607E3}.Debug|x86.ActiveCfg = Windows8|Any CPU
		{849B2227-0422-4E8E-A9CD-5607EAE607E3}.iOS|Any CPU.ActiveCfg = iOS|Any CPU
		{849B2227-0422-4E8E-A9CD-5607EAE607E3}.iOS|ARM.ActiveCfg = iOS|Any CPU
		{849B2227-0422-4E8E-A9CD-5607EAE607E3}.iOS|Mixed Platforms.ActiveCfg = iOS|Any CPU
		{849B2227-0422-4E8E-A9CD-5607EAE607E3}.iOS|Windows Phone.ActiveCfg = iOS|Any CPU
		{849B2227-0422-4E8E-A9CD-5607EAE607E3}.iOS|x64.ActiveCfg = iOS|Any CPU
		{849B2227-0422-4E8E-A9CD-5607EAE607E3}.iOS|x86.ActiveCfg = iOS|Any CPU
		{849B2227-0422-4E8E-A9CD-5607EAE607E3}.Linux|Any CPU.ActiveCfg = Linux|Any CPU
		{849B2227-0422-4E8E-A9CD-5607EAE607E3}.Linux|ARM.ActiveCfg = Linux|Any CPU
		{849B2227-0422-4E8E-A9CD-5607EAE607E3}.Linux|Mixed Platforms.ActiveCfg = Linux|Any CPU
		{849B2227-0422-4E8E-A9CD-5607EAE607E3}.Linux|Windows Phone.ActiveCfg = Linux|Any CPU
		{849B2227-0422-4E8E-A9CD-5607EAE607E3}.Linux|x64.ActiveCfg = Linux|Any CPU
		{849B2227-0422-4E8E-A9CD-5607EAE607E3}.Linux|x86.ActiveCfg = Linux|Any CPU
		{849B2227-0422-4E8E-A9CD-5607EAE607E3}.OSX|Any CPU.ActiveCfg = OSX|Any CPU
		{849B2227-0422-4E8E-A9CD-5607EAE607E3}.OSX|ARM.ActiveCfg = OSX|Any CPU
		{849B2227-0422-4E8E-A9CD-5607EAE607E3}.OSX|Mixed Platforms.ActiveCfg = OSX|Any CPU
		{849B2227-0422-4E8E-A9CD-5607EAE607E3}.OSX|Windows Phone.ActiveCfg = OSX|Any CPU
		{849B2227-0422-4E8E-A9CD-5607EAE607E3}.OSX|x64.ActiveCfg = OSX|Any CPU
		{849B2227-0422-4E8E-A9CD-5607EAE607E3}.OSX|x86.ActiveCfg = OSX|Any CPU
		{849B2227-0422-4E8E-A9CD-5607EAE607E3}.PSM|Any CPU.ActiveCfg = PSM|Any CPU
		{849B2227-0422-4E8E-A9CD-5607EAE607E3}.PSM|ARM.ActiveCfg = PSM|Any CPU
		{849B2227-0422-4E8E-A9CD-5607EAE607E3}.PSM|Mixed Platforms.ActiveCfg = PSM|Any CPU
		{849B2227-0422-4E8E-A9CD-5607EAE607E3}.PSM|Windows Phone.ActiveCfg = PSM|Any CPU
		{849B2227-0422-4E8E-A9CD-5607EAE607E3}.PSM|x64.ActiveCfg = PSM|Any CPU
		{849B2227-0422-4E8E-A9CD-5607EAE607E3}.PSM|x86.ActiveCfg = PSM|Any CPU
		{849B2227-0422-4E8E-A9CD-5607EAE607E3}.Release|Any CPU.ActiveCfg = Windows8|Any CPU
		{849B2227-0422-4E8E-A9CD-5607EAE607E3}.Release|ARM.ActiveCfg = Windows8|Any CPU
		{849B2227-0422-4E8E-A9CD-5607EAE607E3}.Release|Mixed Platforms.ActiveCfg = Windows8|Any CPU
		{849B2227-0422-4E8E-A9CD-5607EAE607E3}.Release|Windows Phone.ActiveCfg = Windows8|Any CPU
		{849B2227-0422-4E8E-A9CD-5607EAE607E3}.Release|x64.ActiveCfg = Windows8|Any CPU
		{849B2227-0422-4E8E-A9CD-5607EAE607E3}.Release|x86.ActiveCfg = Windows8|Any CPU
		{849B2227-0422-4E8E-A9CD-5607EAE607E3}.Windows|Any CPU.ActiveCfg = Windows|Any CPU
		{849B2227-0422-4E8E-A9CD-5607EAE607E3}.Windows|ARM.ActiveCfg = Windows|Any CPU
		{849B2227-0422-4E8E-A9CD-5607EAE607E3}.Windows|Mixed Platforms.ActiveCfg = Windows|Any CPU
		{849B2227-0422-4E8E-A9CD-5607EAE607E3}.Windows|Windows Phone.ActiveCfg = Windows|Any CPU
		{849B2227-0422-4E8E-A9CD-5607EAE607E3}.Windows|x64.ActiveCfg = Windows|Any CPU
		{849B2227-0422-4E8E-A9CD-5607EAE607E3}.Windows|x86.ActiveCfg = Windows|Any CPU
		{849B2227-0422-4E8E-A9CD-5607EAE607E3}.Windows8|Any CPU.ActiveCfg = Windows8|Any CPU
		{849B2227-0422-4E8E-A9CD-5607EAE607E3}.Windows8|ARM.ActiveCfg = Windows8|Any CPU
		{849B2227-0422-4E8E-A9CD-5607EAE607E3}.Windows8|Mixed Platforms.ActiveCfg = Windows8|Any CPU
		{849B2227-0422-4E8E-A9CD-5607EAE607E3}.Windows8|Windows Phone.ActiveCfg = Windows8|Any CPU
		{849B2227-0422-4E8E-A9CD-5607EAE607E3}.Windows8|x64.ActiveCfg = Windows8|Any CPU
		{849B2227-0422-4E8E-A9CD-5607EAE607E3}.Windows8|x86.ActiveCfg = Windows8|Any CPU
		{1B1CBD12-85E3-4164-99E2-25A5D7363788}.Android|Any CPU.ActiveCfg = Release|x86
		{1B1CBD12-85E3-4164-99E2-25A5D7363788}.Android|ARM.ActiveCfg = Release|ARM
		{1B1CBD12-85E3-4164-99E2-25A5D7363788}.Android|ARM.Build.0 = Release|ARM
		{1B1CBD12-85E3-4164-99E2-25A5D7363788}.Android|ARM.Deploy.0 = Release|ARM
		{1B1CBD12-85E3-4164-99E2-25A5D7363788}.Android|Mixed Platforms.ActiveCfg = Release|x86
		{1B1CBD12-85E3-4164-99E2-25A5D7363788}.Android|Mixed Platforms.Build.0 = Release|x86
		{1B1CBD12-85E3-4164-99E2-25A5D7363788}.Android|Mixed Platforms.Deploy.0 = Release|x86
		{1B1CBD12-85E3-4164-99E2-25A5D7363788}.Android|Windows Phone.ActiveCfg = Release|x86
		{1B1CBD12-85E3-4164-99E2-25A5D7363788}.Android|x64.ActiveCfg = Release|x86
		{1B1CBD12-85E3-4164-99E2-25A5D7363788}.Android|x86.ActiveCfg = Release|x86
		{1B1CBD12-85E3-4164-99E2-25A5D7363788}.Android|x86.Build.0 = Release|x86
		{1B1CBD12-85E3-4164-99E2-25A5D7363788}.Android|x86.Deploy.0 = Release|x86
		{1B1CBD12-85E3-4164-99E2-25A5D7363788}.Debug|Any CPU.ActiveCfg = Debug|x86
		{1B1CBD12-85E3-4164-99E2-25A5D7363788}.Debug|ARM.ActiveCfg = Debug|ARM
		{1B1CBD12-85E3-4164-99E2-25A5D7363788}.Debug|ARM.Build.0 = Debug|ARM
		{1B1CBD12-85E3-4164-99E2-25A5D7363788}.Debug|ARM.Deploy.0 = Debug|ARM
		{1B1CBD12-85E3-4164-99E2-25A5D7363788}.Debug|Mixed Platforms.ActiveCfg = Debug|x86
		{1B1CBD12-85E3-4164-99E2-25A5D7363788}.Debug|Mixed Platforms.Build.0 = Debug|x86
		{1B1CBD12-85E3-4164-99E2-25A5D7363788}.Debug|Mixed Platforms.Deploy.0 = Debug|x86
		{1B1CBD12-85E3-4164-99E2-25A5D7363788}.Debug|Windows Phone.ActiveCfg = Debug|x86
		{1B1CBD12-85E3-4164-99E2-25A5D7363788}.Debug|x64.ActiveCfg = Debug|x86
		{1B1CBD12-85E3-4164-99E2-25A5D7363788}.Debug|x86.ActiveCfg = Debug|x86
		{1B1CBD12-85E3-4164-99E2-25A5D7363788}.Debug|x86.Build.0 = Debug|x86
		{1B1CBD12-85E3-4164-99E2-25A5D7363788}.Debug|x86.Deploy.0 = Debug|x86
		{1B1CBD12-85E3-4164-99E2-25A5D7363788}.iOS|Any CPU.ActiveCfg = Release|x86
		{1B1CBD12-85E3-4164-99E2-25A5D7363788}.iOS|ARM.ActiveCfg = Release|ARM
		{1B1CBD12-85E3-4164-99E2-25A5D7363788}.iOS|ARM.Build.0 = Release|ARM
		{1B1CBD12-85E3-4164-99E2-25A5D7363788}.iOS|ARM.Deploy.0 = Release|ARM
		{1B1CBD12-85E3-4164-99E2-25A5D7363788}.iOS|Mixed Platforms.ActiveCfg = Release|x86
		{1B1CBD12-85E3-4164-99E2-25A5D7363788}.iOS|Mixed Platforms.Build.0 = Release|x86
		{1B1CBD12-85E3-4164-99E2-25A5D7363788}.iOS|Mixed Platforms.Deploy.0 = Release|x86
		{1B1CBD12-85E3-4164-99E2-25A5D7363788}.iOS|Windows Phone.ActiveCfg = Release|x86
		{1B1CBD12-85E3-4164-99E2-25A5D7363788}.iOS|x64.ActiveCfg = Release|x86
		{1B1CBD12-85E3-4164-99E2-25A5D7363788}.iOS|x86.ActiveCfg = Release|x86
		{1B1CBD12-85E3-4164-99E2-25A5D7363788}.iOS|x86.Build.0 = Release|x86
		{1B1CBD12-85E3-4164-99E2-25A5D7363788}.iOS|x86.Deploy.0 = Release|x86
		{1B1CBD12-85E3-4164-99E2-25A5D7363788}.Linux|Any CPU.ActiveCfg = Release|x86
		{1B1CBD12-85E3-4164-99E2-25A5D7363788}.Linux|ARM.ActiveCfg = Release|ARM
		{1B1CBD12-85E3-4164-99E2-25A5D7363788}.Linux|ARM.Build.0 = Release|ARM
		{1B1CBD12-85E3-4164-99E2-25A5D7363788}.Linux|ARM.Deploy.0 = Release|ARM
		{1B1CBD12-85E3-4164-99E2-25A5D7363788}.Linux|Mixed Platforms.ActiveCfg = Release|x86
		{1B1CBD12-85E3-4164-99E2-25A5D7363788}.Linux|Mixed Platforms.Build.0 = Release|x86
		{1B1CBD12-85E3-4164-99E2-25A5D7363788}.Linux|Mixed Platforms.Deploy.0 = Release|x86
		{1B1CBD12-85E3-4164-99E2-25A5D7363788}.Linux|Windows Phone.ActiveCfg = Release|x86
		{1B1CBD12-85E3-4164-99E2-25A5D7363788}.Linux|x64.ActiveCfg = Release|x86
		{1B1CBD12-85E3-4164-99E2-25A5D7363788}.Linux|x86.ActiveCfg = Release|x86
		{1B1CBD12-85E3-4164-99E2-25A5D7363788}.Linux|x86.Build.0 = Release|x86
		{1B1CBD12-85E3-4164-99E2-25A5D7363788}.Linux|x86.Deploy.0 = Release|x86
		{1B1CBD12-85E3-4164-99E2-25A5D7363788}.OSX|Any CPU.ActiveCfg = Release|x86
		{1B1CBD12-85E3-4164-99E2-25A5D7363788}.OSX|ARM.ActiveCfg = Release|ARM
		{1B1CBD12-85E3-4164-99E2-25A5D7363788}.OSX|ARM.Build.0 = Release|ARM
		{1B1CBD12-85E3-4164-99E2-25A5D7363788}.OSX|ARM.Deploy.0 = Release|ARM
		{1B1CBD12-85E3-4164-99E2-25A5D7363788}.OSX|Mixed Platforms.ActiveCfg = Release|x86
		{1B1CBD12-85E3-4164-99E2-25A5D7363788}.OSX|Mixed Platforms.Build.0 = Release|x86
		{1B1CBD12-85E3-4164-99E2-25A5D7363788}.OSX|Mixed Platforms.Deploy.0 = Release|x86
		{1B1CBD12-85E3-4164-99E2-25A5D7363788}.OSX|Windows Phone.ActiveCfg = Release|x86
		{1B1CBD12-85E3-4164-99E2-25A5D7363788}.OSX|x64.ActiveCfg = Release|x86
		{1B1CBD12-85E3-4164-99E2-25A5D7363788}.OSX|x86.ActiveCfg = Release|x86
		{1B1CBD12-85E3-4164-99E2-25A5D7363788}.OSX|x86.Build.0 = Release|x86
		{1B1CBD12-85E3-4164-99E2-25A5D7363788}.OSX|x86.Deploy.0 = Release|x86
		{1B1CBD12-85E3-4164-99E2-25A5D7363788}.PSM|Any CPU.ActiveCfg = Release|x86
		{1B1CBD12-85E3-4164-99E2-25A5D7363788}.PSM|ARM.ActiveCfg = Release|ARM
		{1B1CBD12-85E3-4164-99E2-25A5D7363788}.PSM|ARM.Build.0 = Release|ARM
		{1B1CBD12-85E3-4164-99E2-25A5D7363788}.PSM|ARM.Deploy.0 = Release|ARM
		{1B1CBD12-85E3-4164-99E2-25A5D7363788}.PSM|Mixed Platforms.ActiveCfg = Release|x86
		{1B1CBD12-85E3-4164-99E2-25A5D7363788}.PSM|Mixed Platforms.Build.0 = Release|x86
		{1B1CBD12-85E3-4164-99E2-25A5D7363788}.PSM|Mixed Platforms.Deploy.0 = Release|x86
		{1B1CBD12-85E3-4164-99E2-25A5D7363788}.PSM|Windows Phone.ActiveCfg = Release|x86
		{1B1CBD12-85E3-4164-99E2-25A5D7363788}.PSM|x64.ActiveCfg = Release|x86
		{1B1CBD12-85E3-4164-99E2-25A5D7363788}.PSM|x86.ActiveCfg = Release|x86
		{1B1CBD12-85E3-4164-99E2-25A5D7363788}.PSM|x86.Build.0 = Release|x86
		{1B1CBD12-85E3-4164-99E2-25A5D7363788}.PSM|x86.Deploy.0 = Release|x86
		{1B1CBD12-85E3-4164-99E2-25A5D7363788}.Release|Any CPU.ActiveCfg = Release|x86
		{1B1CBD12-85E3-4164-99E2-25A5D7363788}.Release|ARM.ActiveCfg = Release|ARM
		{1B1CBD12-85E3-4164-99E2-25A5D7363788}.Release|ARM.Build.0 = Release|ARM
		{1B1CBD12-85E3-4164-99E2-25A5D7363788}.Release|ARM.Deploy.0 = Release|ARM
		{1B1CBD12-85E3-4164-99E2-25A5D7363788}.Release|Mixed Platforms.ActiveCfg = Release|x86
		{1B1CBD12-85E3-4164-99E2-25A5D7363788}.Release|Mixed Platforms.Build.0 = Release|x86
		{1B1CBD12-85E3-4164-99E2-25A5D7363788}.Release|Mixed Platforms.Deploy.0 = Release|x86
		{1B1CBD12-85E3-4164-99E2-25A5D7363788}.Release|Windows Phone.ActiveCfg = Release|x86
		{1B1CBD12-85E3-4164-99E2-25A5D7363788}.Release|x64.ActiveCfg = Release|x86
		{1B1CBD12-85E3-4164-99E2-25A5D7363788}.Release|x86.ActiveCfg = Release|x86
		{1B1CBD12-85E3-4164-99E2-25A5D7363788}.Release|x86.Build.0 = Release|x86
		{1B1CBD12-85E3-4164-99E2-25A5D7363788}.Release|x86.Deploy.0 = Release|x86
		{1B1CBD12-85E3-4164-99E2-25A5D7363788}.Windows|Any CPU.ActiveCfg = Release|x86
		{1B1CBD12-85E3-4164-99E2-25A5D7363788}.Windows|ARM.ActiveCfg = Release|ARM
		{1B1CBD12-85E3-4164-99E2-25A5D7363788}.Windows|ARM.Build.0 = Release|ARM
		{1B1CBD12-85E3-4164-99E2-25A5D7363788}.Windows|ARM.Deploy.0 = Release|ARM
		{1B1CBD12-85E3-4164-99E2-25A5D7363788}.Windows|Mixed Platforms.ActiveCfg = Release|x86
		{1B1CBD12-85E3-4164-99E2-25A5D7363788}.Windows|Mixed Platforms.Build.0 = Release|x86
		{1B1CBD12-85E3-4164-99E2-25A5D7363788}.Windows|Mixed Platforms.Deploy.0 = Release|x86
		{1B1CBD12-85E3-4164-99E2-25A5D7363788}.Windows|Windows Phone.ActiveCfg = Release|x86
		{1B1CBD12-85E3-4164-99E2-25A5D7363788}.Windows|x64.ActiveCfg = Release|x86
		{1B1CBD12-85E3-4164-99E2-25A5D7363788}.Windows|x86.ActiveCfg = Release|x86
		{1B1CBD12-85E3-4164-99E2-25A5D7363788}.Windows|x86.Build.0 = Release|x86
		{1B1CBD12-85E3-4164-99E2-25A5D7363788}.Windows|x86.Deploy.0 = Release|x86
		{1B1CBD12-85E3-4164-99E2-25A5D7363788}.Windows8|Any CPU.ActiveCfg = Release|x86
		{1B1CBD12-85E3-4164-99E2-25A5D7363788}.Windows8|ARM.ActiveCfg = Release|ARM
		{1B1CBD12-85E3-4164-99E2-25A5D7363788}.Windows8|ARM.Build.0 = Release|ARM
		{1B1CBD12-85E3-4164-99E2-25A5D7363788}.Windows8|ARM.Deploy.0 = Release|ARM
		{1B1CBD12-85E3-4164-99E2-25A5D7363788}.Windows8|Mixed Platforms.ActiveCfg = Release|x86
		{1B1CBD12-85E3-4164-99E2-25A5D7363788}.Windows8|Mixed Platforms.Build.0 = Release|x86
		{1B1CBD12-85E3-4164-99E2-25A5D7363788}.Windows8|Mixed Platforms.Deploy.0 = Release|x86
		{1B1CBD12-85E3-4164-99E2-25A5D7363788}.Windows8|Windows Phone.ActiveCfg = Release|x86
		{1B1CBD12-85E3-4164-99E2-25A5D7363788}.Windows8|x64.ActiveCfg = Release|x86
		{1B1CBD12-85E3-4164-99E2-25A5D7363788}.Windows8|x86.ActiveCfg = Release|x86
		{1B1CBD12-85E3-4164-99E2-25A5D7363788}.Windows8|x86.Build.0 = Release|x86
		{1B1CBD12-85E3-4164-99E2-25A5D7363788}.Windows8|x86.Deploy.0 = Release|x86
		{CA3825EF-AD93-4BEE-BAE4-BC80D67873D3}.Android|Any CPU.ActiveCfg = Release|Windows Phone
		{CA3825EF-AD93-4BEE-BAE4-BC80D67873D3}.Android|ARM.ActiveCfg = Release|Windows Phone
		{CA3825EF-AD93-4BEE-BAE4-BC80D67873D3}.Android|Mixed Platforms.ActiveCfg = Release|Windows Phone
		{CA3825EF-AD93-4BEE-BAE4-BC80D67873D3}.Android|Mixed Platforms.Build.0 = Release|Windows Phone
		{CA3825EF-AD93-4BEE-BAE4-BC80D67873D3}.Android|Mixed Platforms.Deploy.0 = Release|Windows Phone
		{CA3825EF-AD93-4BEE-BAE4-BC80D67873D3}.Android|Windows Phone.ActiveCfg = Release|Windows Phone
		{CA3825EF-AD93-4BEE-BAE4-BC80D67873D3}.Android|Windows Phone.Build.0 = Release|Windows Phone
		{CA3825EF-AD93-4BEE-BAE4-BC80D67873D3}.Android|Windows Phone.Deploy.0 = Release|Windows Phone
		{CA3825EF-AD93-4BEE-BAE4-BC80D67873D3}.Android|x64.ActiveCfg = Release|Windows Phone
		{CA3825EF-AD93-4BEE-BAE4-BC80D67873D3}.Android|x86.ActiveCfg = Release|Windows Phone
		{CA3825EF-AD93-4BEE-BAE4-BC80D67873D3}.Debug|Any CPU.ActiveCfg = Debug|Windows Phone
		{CA3825EF-AD93-4BEE-BAE4-BC80D67873D3}.Debug|ARM.ActiveCfg = Debug|Windows Phone
		{CA3825EF-AD93-4BEE-BAE4-BC80D67873D3}.Debug|Mixed Platforms.ActiveCfg = Debug|Windows Phone
		{CA3825EF-AD93-4BEE-BAE4-BC80D67873D3}.Debug|Mixed Platforms.Build.0 = Debug|Windows Phone
		{CA3825EF-AD93-4BEE-BAE4-BC80D67873D3}.Debug|Mixed Platforms.Deploy.0 = Debug|Windows Phone
		{CA3825EF-AD93-4BEE-BAE4-BC80D67873D3}.Debug|Windows Phone.ActiveCfg = Debug|Windows Phone
		{CA3825EF-AD93-4BEE-BAE4-BC80D67873D3}.Debug|Windows Phone.Build.0 = Debug|Windows Phone
		{CA3825EF-AD93-4BEE-BAE4-BC80D67873D3}.Debug|Windows Phone.Deploy.0 = Debug|Windows Phone
		{CA3825EF-AD93-4BEE-BAE4-BC80D67873D3}.Debug|x64.ActiveCfg = Debug|Windows Phone
		{CA3825EF-AD93-4BEE-BAE4-BC80D67873D3}.Debug|x86.ActiveCfg = Debug|Windows Phone
		{CA3825EF-AD93-4BEE-BAE4-BC80D67873D3}.iOS|Any CPU.ActiveCfg = Release|Windows Phone
		{CA3825EF-AD93-4BEE-BAE4-BC80D67873D3}.iOS|ARM.ActiveCfg = Release|Windows Phone
		{CA3825EF-AD93-4BEE-BAE4-BC80D67873D3}.iOS|Mixed Platforms.ActiveCfg = Release|Windows Phone
		{CA3825EF-AD93-4BEE-BAE4-BC80D67873D3}.iOS|Mixed Platforms.Build.0 = Release|Windows Phone
		{CA3825EF-AD93-4BEE-BAE4-BC80D67873D3}.iOS|Mixed Platforms.Deploy.0 = Release|Windows Phone
		{CA3825EF-AD93-4BEE-BAE4-BC80D67873D3}.iOS|Windows Phone.ActiveCfg = Release|Windows Phone
		{CA3825EF-AD93-4BEE-BAE4-BC80D67873D3}.iOS|Windows Phone.Build.0 = Release|Windows Phone
		{CA3825EF-AD93-4BEE-BAE4-BC80D67873D3}.iOS|Windows Phone.Deploy.0 = Release|Windows Phone
		{CA3825EF-AD93-4BEE-BAE4-BC80D67873D3}.iOS|x64.ActiveCfg = Release|Windows Phone
		{CA3825EF-AD93-4BEE-BAE4-BC80D67873D3}.iOS|x86.ActiveCfg = Release|Windows Phone
		{CA3825EF-AD93-4BEE-BAE4-BC80D67873D3}.Linux|Any CPU.ActiveCfg = Release|Windows Phone
		{CA3825EF-AD93-4BEE-BAE4-BC80D67873D3}.Linux|ARM.ActiveCfg = Release|Windows Phone
		{CA3825EF-AD93-4BEE-BAE4-BC80D67873D3}.Linux|Mixed Platforms.ActiveCfg = Release|Windows Phone
		{CA3825EF-AD93-4BEE-BAE4-BC80D67873D3}.Linux|Mixed Platforms.Build.0 = Release|Windows Phone
		{CA3825EF-AD93-4BEE-BAE4-BC80D67873D3}.Linux|Mixed Platforms.Deploy.0 = Release|Windows Phone
		{CA3825EF-AD93-4BEE-BAE4-BC80D67873D3}.Linux|Windows Phone.ActiveCfg = Release|Windows Phone
		{CA3825EF-AD93-4BEE-BAE4-BC80D67873D3}.Linux|Windows Phone.Build.0 = Release|Windows Phone
		{CA3825EF-AD93-4BEE-BAE4-BC80D67873D3}.Linux|Windows Phone.Deploy.0 = Release|Windows Phone
		{CA3825EF-AD93-4BEE-BAE4-BC80D67873D3}.Linux|x64.ActiveCfg = Release|Windows Phone
		{CA3825EF-AD93-4BEE-BAE4-BC80D67873D3}.Linux|x86.ActiveCfg = Release|Windows Phone
		{CA3825EF-AD93-4BEE-BAE4-BC80D67873D3}.OSX|Any CPU.ActiveCfg = Release|Windows Phone
		{CA3825EF-AD93-4BEE-BAE4-BC80D67873D3}.OSX|ARM.ActiveCfg = Release|Windows Phone
		{CA3825EF-AD93-4BEE-BAE4-BC80D67873D3}.OSX|Mixed Platforms.ActiveCfg = Release|Windows Phone
		{CA3825EF-AD93-4BEE-BAE4-BC80D67873D3}.OSX|Mixed Platforms.Build.0 = Release|Windows Phone
		{CA3825EF-AD93-4BEE-BAE4-BC80D67873D3}.OSX|Mixed Platforms.Deploy.0 = Release|Windows Phone
		{CA3825EF-AD93-4BEE-BAE4-BC80D67873D3}.OSX|Windows Phone.ActiveCfg = Release|Windows Phone
		{CA3825EF-AD93-4BEE-BAE4-BC80D67873D3}.OSX|Windows Phone.Build.0 = Release|Windows Phone
		{CA3825EF-AD93-4BEE-BAE4-BC80D67873D3}.OSX|Windows Phone.Deploy.0 = Release|Windows Phone
		{CA3825EF-AD93-4BEE-BAE4-BC80D67873D3}.OSX|x64.ActiveCfg = Release|Windows Phone
		{CA3825EF-AD93-4BEE-BAE4-BC80D67873D3}.OSX|x86.ActiveCfg = Release|Windows Phone
		{CA3825EF-AD93-4BEE-BAE4-BC80D67873D3}.PSM|Any CPU.ActiveCfg = Release|Windows Phone
		{CA3825EF-AD93-4BEE-BAE4-BC80D67873D3}.PSM|ARM.ActiveCfg = Release|Windows Phone
		{CA3825EF-AD93-4BEE-BAE4-BC80D67873D3}.PSM|Mixed Platforms.ActiveCfg = Release|Windows Phone
		{CA3825EF-AD93-4BEE-BAE4-BC80D67873D3}.PSM|Mixed Platforms.Build.0 = Release|Windows Phone
		{CA3825EF-AD93-4BEE-BAE4-BC80D67873D3}.PSM|Mixed Platforms.Deploy.0 = Release|Windows Phone
		{CA3825EF-AD93-4BEE-BAE4-BC80D67873D3}.PSM|Windows Phone.ActiveCfg = Release|Windows Phone
		{CA3825EF-AD93-4BEE-BAE4-BC80D67873D3}.PSM|Windows Phone.Build.0 = Release|Windows Phone
		{CA3825EF-AD93-4BEE-BAE4-BC80D67873D3}.PSM|Windows Phone.Deploy.0 = Release|Windows Phone
		{CA3825EF-AD93-4BEE-BAE4-BC80D67873D3}.PSM|x64.ActiveCfg = Release|Windows Phone
		{CA3825EF-AD93-4BEE-BAE4-BC80D67873D3}.PSM|x86.ActiveCfg = Release|Windows Phone
		{CA3825EF-AD93-4BEE-BAE4-BC80D67873D3}.Release|Any CPU.ActiveCfg = Release|Windows Phone
		{CA3825EF-AD93-4BEE-BAE4-BC80D67873D3}.Release|ARM.ActiveCfg = Release|Windows Phone
		{CA3825EF-AD93-4BEE-BAE4-BC80D67873D3}.Release|Mixed Platforms.ActiveCfg = Release|Windows Phone
		{CA3825EF-AD93-4BEE-BAE4-BC80D67873D3}.Release|Mixed Platforms.Build.0 = Release|Windows Phone
		{CA3825EF-AD93-4BEE-BAE4-BC80D67873D3}.Release|Mixed Platforms.Deploy.0 = Release|Windows Phone
		{CA3825EF-AD93-4BEE-BAE4-BC80D67873D3}.Release|Windows Phone.ActiveCfg = Release|Windows Phone
		{CA3825EF-AD93-4BEE-BAE4-BC80D67873D3}.Release|Windows Phone.Build.0 = Release|Windows Phone
		{CA3825EF-AD93-4BEE-BAE4-BC80D67873D3}.Release|Windows Phone.Deploy.0 = Release|Windows Phone
		{CA3825EF-AD93-4BEE-BAE4-BC80D67873D3}.Release|x64.ActiveCfg = Release|Windows Phone
		{CA3825EF-AD93-4BEE-BAE4-BC80D67873D3}.Release|x86.ActiveCfg = Release|Windows Phone
		{CA3825EF-AD93-4BEE-BAE4-BC80D67873D3}.Windows|Any CPU.ActiveCfg = Release|Windows Phone
		{CA3825EF-AD93-4BEE-BAE4-BC80D67873D3}.Windows|ARM.ActiveCfg = Release|Windows Phone
		{CA3825EF-AD93-4BEE-BAE4-BC80D67873D3}.Windows|Mixed Platforms.ActiveCfg = Release|Windows Phone
		{CA3825EF-AD93-4BEE-BAE4-BC80D67873D3}.Windows|Mixed Platforms.Build.0 = Release|Windows Phone
		{CA3825EF-AD93-4BEE-BAE4-BC80D67873D3}.Windows|Mixed Platforms.Deploy.0 = Release|Windows Phone
		{CA3825EF-AD93-4BEE-BAE4-BC80D67873D3}.Windows|Windows Phone.ActiveCfg = Release|Windows Phone
		{CA3825EF-AD93-4BEE-BAE4-BC80D67873D3}.Windows|Windows Phone.Build.0 = Release|Windows Phone
		{CA3825EF-AD93-4BEE-BAE4-BC80D67873D3}.Windows|Windows Phone.Deploy.0 = Release|Windows Phone
		{CA3825EF-AD93-4BEE-BAE4-BC80D67873D3}.Windows|x64.ActiveCfg = Release|Windows Phone
		{CA3825EF-AD93-4BEE-BAE4-BC80D67873D3}.Windows|x86.ActiveCfg = Release|Windows Phone
		{CA3825EF-AD93-4BEE-BAE4-BC80D67873D3}.Windows8|Any CPU.ActiveCfg = Release|Windows Phone
		{CA3825EF-AD93-4BEE-BAE4-BC80D67873D3}.Windows8|ARM.ActiveCfg = Release|Windows Phone
		{CA3825EF-AD93-4BEE-BAE4-BC80D67873D3}.Windows8|Mixed Platforms.ActiveCfg = Release|Windows Phone
		{CA3825EF-AD93-4BEE-BAE4-BC80D67873D3}.Windows8|Mixed Platforms.Build.0 = Release|Windows Phone
		{CA3825EF-AD93-4BEE-BAE4-BC80D67873D3}.Windows8|Mixed Platforms.Deploy.0 = Release|Windows Phone
		{CA3825EF-AD93-4BEE-BAE4-BC80D67873D3}.Windows8|Windows Phone.ActiveCfg = Release|Windows Phone
		{CA3825EF-AD93-4BEE-BAE4-BC80D67873D3}.Windows8|Windows Phone.Build.0 = Release|Windows Phone
		{CA3825EF-AD93-4BEE-BAE4-BC80D67873D3}.Windows8|Windows Phone.Deploy.0 = Release|Windows Phone
		{CA3825EF-AD93-4BEE-BAE4-BC80D67873D3}.Windows8|x64.ActiveCfg = Release|Windows Phone
		{CA3825EF-AD93-4BEE-BAE4-BC80D67873D3}.Windows8|x86.ActiveCfg = Release|Windows Phone
		{50C90352-597B-48AB-A5F4-A82E845753FE}.Android|Any CPU.ActiveCfg = Release|Windows Phone
		{50C90352-597B-48AB-A5F4-A82E845753FE}.Android|ARM.ActiveCfg = Release|Windows Phone
		{50C90352-597B-48AB-A5F4-A82E845753FE}.Android|Mixed Platforms.ActiveCfg = Release|Windows Phone
		{50C90352-597B-48AB-A5F4-A82E845753FE}.Android|Windows Phone.ActiveCfg = Release|Windows Phone
		{50C90352-597B-48AB-A5F4-A82E845753FE}.Android|x64.ActiveCfg = Release|Windows Phone
		{50C90352-597B-48AB-A5F4-A82E845753FE}.Android|x86.ActiveCfg = Release|Windows Phone
		{50C90352-597B-48AB-A5F4-A82E845753FE}.Debug|Any CPU.ActiveCfg = Debug|Windows Phone
		{50C90352-597B-48AB-A5F4-A82E845753FE}.Debug|ARM.ActiveCfg = Debug|Windows Phone
		{50C90352-597B-48AB-A5F4-A82E845753FE}.Debug|Mixed Platforms.ActiveCfg = Debug|Windows Phone
		{50C90352-597B-48AB-A5F4-A82E845753FE}.Debug|Windows Phone.ActiveCfg = Debug|Windows Phone
		{50C90352-597B-48AB-A5F4-A82E845753FE}.Debug|x64.ActiveCfg = Debug|Windows Phone
		{50C90352-597B-48AB-A5F4-A82E845753FE}.Debug|x86.ActiveCfg = Debug|Windows Phone
		{50C90352-597B-48AB-A5F4-A82E845753FE}.iOS|Any CPU.ActiveCfg = Release|Windows Phone
		{50C90352-597B-48AB-A5F4-A82E845753FE}.iOS|ARM.ActiveCfg = Release|Windows Phone
		{50C90352-597B-48AB-A5F4-A82E845753FE}.iOS|Mixed Platforms.ActiveCfg = Release|Windows Phone
		{50C90352-597B-48AB-A5F4-A82E845753FE}.iOS|Windows Phone.ActiveCfg = Release|Windows Phone
		{50C90352-597B-48AB-A5F4-A82E845753FE}.iOS|x64.ActiveCfg = Release|Windows Phone
		{50C90352-597B-48AB-A5F4-A82E845753FE}.iOS|x86.ActiveCfg = Release|Windows Phone
		{50C90352-597B-48AB-A5F4-A82E845753FE}.Linux|Any CPU.ActiveCfg = Release|Windows Phone
		{50C90352-597B-48AB-A5F4-A82E845753FE}.Linux|ARM.ActiveCfg = Release|Windows Phone
		{50C90352-597B-48AB-A5F4-A82E845753FE}.Linux|Mixed Platforms.ActiveCfg = Release|Windows Phone
		{50C90352-597B-48AB-A5F4-A82E845753FE}.Linux|Windows Phone.ActiveCfg = Release|Windows Phone
		{50C90352-597B-48AB-A5F4-A82E845753FE}.Linux|x64.ActiveCfg = Release|Windows Phone
		{50C90352-597B-48AB-A5F4-A82E845753FE}.Linux|x86.ActiveCfg = Release|Windows Phone
		{50C90352-597B-48AB-A5F4-A82E845753FE}.OSX|Any CPU.ActiveCfg = Release|Windows Phone
		{50C90352-597B-48AB-A5F4-A82E845753FE}.OSX|ARM.ActiveCfg = Release|Windows Phone
		{50C90352-597B-48AB-A5F4-A82E845753FE}.OSX|Mixed Platforms.ActiveCfg = Release|Windows Phone
		{50C90352-597B-48AB-A5F4-A82E845753FE}.OSX|Windows Phone.ActiveCfg = Release|Windows Phone
		{50C90352-597B-48AB-A5F4-A82E845753FE}.OSX|x64.ActiveCfg = Release|Windows Phone
		{50C90352-597B-48AB-A5F4-A82E845753FE}.OSX|x86.ActiveCfg = Release|Windows Phone
		{50C90352-597B-48AB-A5F4-A82E845753FE}.PSM|Any CPU.ActiveCfg = Release|Windows Phone
		{50C90352-597B-48AB-A5F4-A82E845753FE}.PSM|ARM.ActiveCfg = Release|Windows Phone
		{50C90352-597B-48AB-A5F4-A82E845753FE}.PSM|Mixed Platforms.ActiveCfg = Release|Windows Phone
		{50C90352-597B-48AB-A5F4-A82E845753FE}.PSM|Windows Phone.ActiveCfg = Release|Windows Phone
		{50C90352-597B-48AB-A5F4-A82E845753FE}.PSM|x64.ActiveCfg = Release|Windows Phone
		{50C90352-597B-48AB-A5F4-A82E845753FE}.PSM|x86.ActiveCfg = Release|Windows Phone
		{50C90352-597B-48AB-A5F4-A82E845753FE}.Release|Any CPU.ActiveCfg = Release|Windows Phone
		{50C90352-597B-48AB-A5F4-A82E845753FE}.Release|ARM.ActiveCfg = Release|Windows Phone
		{50C90352-597B-48AB-A5F4-A82E845753FE}.Release|Mixed Platforms.ActiveCfg = Release|Windows Phone
		{50C90352-597B-48AB-A5F4-A82E845753FE}.Release|Windows Phone.ActiveCfg = Release|Windows Phone
		{50C90352-597B-48AB-A5F4-A82E845753FE}.Release|x64.ActiveCfg = Release|Windows Phone
		{50C90352-597B-48AB-A5F4-A82E845753FE}.Release|x86.ActiveCfg = Release|Windows Phone
		{50C90352-597B-48AB-A5F4-A82E845753FE}.Windows|Any CPU.ActiveCfg = Release|Windows Phone
		{50C90352-597B-48AB-A5F4-A82E845753FE}.Windows|ARM.ActiveCfg = Release|Windows Phone
		{50C90352-597B-48AB-A5F4-A82E845753FE}.Windows|Mixed Platforms.ActiveCfg = Release|Windows Phone
		{50C90352-597B-48AB-A5F4-A82E845753FE}.Windows|Windows Phone.ActiveCfg = Release|Windows Phone
		{50C90352-597B-48AB-A5F4-A82E845753FE}.Windows|x64.ActiveCfg = Release|Windows Phone
		{50C90352-597B-48AB-A5F4-A82E845753FE}.Windows|x86.ActiveCfg = Release|Windows Phone
		{50C90352-597B-48AB-A5F4-A82E845753FE}.Windows8|Any CPU.ActiveCfg = Release|Windows Phone
		{50C90352-597B-48AB-A5F4-A82E845753FE}.Windows8|ARM.ActiveCfg = Release|Windows Phone
		{50C90352-597B-48AB-A5F4-A82E845753FE}.Windows8|Mixed Platforms.ActiveCfg = Release|Windows Phone
		{50C90352-597B-48AB-A5F4-A82E845753FE}.Windows8|Windows Phone.ActiveCfg = Release|Windows Phone
		{50C90352-597B-48AB-A5F4-A82E845753FE}.Windows8|x64.ActiveCfg = Release|Windows Phone
		{50C90352-597B-48AB-A5F4-A82E845753FE}.Windows8|x86.ActiveCfg = Release|Windows Phone
	EndGlobalSection
	GlobalSection(SolutionProperties) = preSolution
		HideSolutionNode = FALSE
	EndGlobalSection
EndGlobal
